{
  "name": "@posthog/twig-components",
  "version": "0.1.0",
  "lockfileVersion": 3,
  "requires": true,
  "packages": {
    "": {
      "name": "@posthog/twig-components",
      "version": "0.1.0",
      "license": "MIT",
      "dependencies": {
        "@rrweb/record": "^2.1.6",
        "@rrweb/replay": "^2.1.6",
        "@rrweb/types": "^2.1.6"
      },
      "devDependencies": {
        "@types/react": "^19.0.0",
        "@types/react-dom": "^19.0.0",
        "react": "^19.0.0",
        "react-dom": "^19.0.0",
        "typescript": "^5.0.0"
      },
      "peerDependencies": {
        "react": "^18.3.0 || ^19.0.0"
      }
    },
    "node_modules/@rrweb/record": {
      "version": "2.1.6",
      "resolved": "https://registry.npmjs.org/@rrweb/record/-/record-2.1.6.tgz",
      "integrity": "sha512-dHOrWa97l3C+BBsUd+zgLtErTZavzudJunu1HN2bV6WhTBLGk7z8BY1fWw0QerYK7qJJyrBE9D6XHcISVdVGQQ==",
      "license": "MIT",
      "dependencies": {
        "@rrweb/types": "^2.1.6",
        "@rrweb/utils": "^2.1.6",
        "rrweb": "^2.1.6"
      }
    },
    "node_modules/@rrweb/replay": {
      "version": "2.1.6",
      "resolved": "https://registry.npmjs.org/@rrweb/replay/-/replay-2.1.6.tgz",
      "integrity": "sha512-Ti7zPk3Lbp33N9rKtIPCCIbUm4ctJMRRIMG5/5uI70M0efpSC1cpo/Eq8ELVW/5zWrkiElgmnPR0+h+oS79ASA==",
      "license": "MIT",
      "dependencies": {
        "@rrweb/types": "^2.1.6",
        "rrweb": "^2.1.6"
      }
    },
    "node_modules/@rrweb/types": {
      "version": "2.1.6",
      "resolved": "https://registry.npmjs.org/@rrweb/types/-/types-2.1.6.tgz",
      "integrity": "sha512-DacFzGpPbQ91q3rRyh/AeZrtFYYonmLT+qgGlmh2iGcW2HPnrABJNgJWhpyzYwp/xed6Fbpi8yMxhRBlrOY0ZA==",
      "license": "MIT"
    },
    "node_modules/@rrweb/utils": {
      "version": "2.1.6",
      "resolved": "https://registry.npmjs.org/@rrweb/utils/-/utils-2.1.6.tgz",
      "integrity": "sha512-BIRXcxiytJs5Guxw0tzsnVS7ukcMqtnxixjIGvV49VdJeOEG6NJeMU7o8efbHW1D52a12Y8QsgDjgDgblg3org==",
      "license": "MIT"
    },
    "node_modules/@types/css-font-loading-module": {
      "version": "0.0.7",
      "resolved": "https://registry.npmjs.org/@types/css-font-loading-module/-/css-font-loading-module-0.0.7.tgz",
      "integrity": "sha512-nl09VhutdjINdWyXxHWN/w9zlNCfr60JUqJbd24YXUuCwgeL0TpFSdElCwb6cxfB6ybE19Gjj4g0jsgkXxKv1Q==",
      "license": "MIT"
    },
    "node_modules/@types/react": {
      "version": "19.3.0",
      "resolved": "https://registry.npmjs.org/@types/react/-/react-19.3.0.tgz",
      "integrity": "sha512-N0rFCuH9YoxG9/m61l9MfpJKfmLOVU0em7ipIz6TRgSSkvReLB9vL85GB+yr8Bs5leqpvg96JSwF4ZS1s4viQg==",
      "dev": true,
      "license": "MIT",
      "dependencies": {
        "csstype": "^3.2.2"
      }
    },
    "node_modules/@types/react-dom": {
      "version": "19.3.0",
      "resolved": "https://registry.npmjs.org/@types/react-dom/-/react-dom-19.3.0.tgz",
      "integrity": "sha512-ZI7bU42mZXXKHn/qNLEw2IrbiINU7X5+vfgdixBHkCNpYWXjKgfQ/P+uyGb5CjOLB9UcnTeg3rylQtV2hym44Q==",
      "dev": true,
      "license": "MIT",
      "peerDependencies": {
        "@types/react": "^19.3.0"
      }
    },
    "node_modules/@xstate/fsm": {
      "version": "1.6.5",
      "resolved": "https://registry.npmjs.org/@xstate/fsm/-/fsm-1.6.5.tgz",
      "integrity": "sha512-b5o1I6aLNeYlU/3CPlj/Z91ybk1gUsKT+5NAJI+2W4UjvS5KLG28K9v5UvNoFVjHV8PajVZ00RH3vnjyQO7ZAw==",
      "license": "MIT"
    },
    "node_modules/base64-arraybuffer": {
      "version": "1.0.2",
      "resolved": "https://registry.npmjs.org/base64-arraybuffer/-/base64-arraybuffer-1.0.2.tgz",
      "integrity": "sha512-I3yl4r9QB5ZRY3XuJVEPfc2XhZO6YweFPI+UovAzn+8/hb3oJ6lnysaFcjVpkCPfVWFUDvoZ8kmVDP7WyRtYtQ==",
      "license": "MIT",
      "engines": {
        "node": ">= 0.6.0"
      }
    },
    "node_modules/csstype": {
      "version": "3.2.3",
      "resolved": "https://registry.npmjs.org/csstype/-/csstype-3.2.3.tgz",
      "integrity": "sha512-z1HGKcYy2xA8AGQfwrn0PAy+PB7X/GSj3UVJW9qKyn43xWa+gl5nXmU4qqLMRzWVLFC8KusUX8T/0kCiOYpAIQ==",
      "dev": true,
      "license": "MIT"
    },
    "node_modules/mitt": {
      "version": "3.0.1",
      "resolved": "https://registry.npmjs.org/mitt/-/mitt-3.0.1.tgz",
      "integrity": "sha512-vKivATfr97l2/QBCYAkXYDbrIWPM2IIKEl7YPhjCvKlG3kE2gm+uBo6nEXK3M5/Ffh/FLpKExzOQ3JJoJGFKBw==",
      "license": "MIT"
    },
    "node_modules/nanoid": {
      "version": "3.3.19",
      "resolved": "https://registry.npmjs.org/nanoid/-/nanoid-3.3.19.tgz",
      "integrity": "sha512-Y2tUNy4ouw6tq5oDSKeQYGOyhkUBhNOcGV/02KC+6kd9eDGqdZd++mjMiIDilrBYvjEnCYvVtsuHCuP+okSfug==",
      "funding": [
        {
          "type": "github",
          "url": "https://github.com/sponsors/ai"
        }
      ],
      "license": "MIT",
      "bin": {
        "nanoid": "bin/nanoid.cjs"
      },
      "engines": {
        "node": "^10 || ^12 || ^13.7 || ^14 || >=15.0.1"
      }
    },
    "node_modules/picocolors": {
      "version": "1.1.1",
      "resolved": "https://registry.npmjs.org/picocolors/-/picocolors-1.1.1.tgz",
      "integrity": "sha512-xceH2snhtb5M9liqDsmEw56le376mTZkEX/jEb/RxNFyegNul7eNslCXP9FDj/Lcu0X8KEyMceP2ntpaHrDEVA==",
      "license": "ISC"
    },
    "node_modules/postcss": {
      "version": "8.5.28",
      "resolved": "https://registry.npmjs.org/postcss/-/postcss-8.5.28.tgz",
      "integrity": "sha512-RRuzqDtt5Y9h3quz5hWhK+TPnsmVs6WwSU6LkJMeY4HstUEDuYTG8UJSdawMRzmzAtV+KEoG8N3Qg2qLy5vM/A==",
      "funding": [
        {
          "type": "opencollective",
          "url": "https://opencollective.com/postcss/"
        },
        {
          "type": "tidelift",
          "url": "https://tidelift.com/funding/github/npm/postcss"
        },
        {
          "type": "github",
          "url": "https://github.com/sponsors/ai"
        }
      ],
      "license": "MIT",
      "dependencies": {
        "nanoid": "^3.3.18",
        "picocolors": "^1.1.1",
        "source-map-js": "^1.2.1"
      },
      "engines": {
        "node": "^10 || ^12 || >=14"
      }
    },
    "node_modules/react": {
      "version": "19.3.0",
      "resolved": "https://registry.npmjs.org/react/-/react-19.3.0.tgz",
      "integrity": "sha512-E8LUcbtBWt20bbl2YoHfx4ZDBdxVTfOKtCZn9cDSJ4l6/nuoApcpIBcj47t2wZoVX8g2ZHuMHbiShgCR1T5Sog==",
      "dev": true,
      "license": "MIT",
      "engines": {
        "node": ">=0.10.0"
      }
    },
    "node_modules/react-dom": {
      "version": "19.3.0",
      "resolved": "https://registry.npmjs.org/react-dom/-/react-dom-19.3.0.tgz",
      "integrity": "sha512-JDk8dgif51OjFoDE70+OT9ICyYr+69HlmihNwp1+Nsfbna3t5sIiCa9ZJktDmQ4/1b/rn26hIAR2uYXDMr5r0Q==",
      "dev": true,
      "license": "MIT",
      "dependencies": {
        "scheduler": "^0.28.0"
      },
      "peerDependencies": {
        "react": "^19.3.0"
      }
    },
    "node_modules/rrdom": {
      "version": "2.1.6",
      "resolved": "https://registry.npmjs.org/rrdom/-/rrdom-2.1.6.tgz",
      "integrity": "sha512-EMRrTs1GRsmb8bNyAs107wG7eRwVEOvDUBsnCyvQnVV6elrmrua/AeS0tdcA0gLW4eptr4l6bRsS/2QRICvdqQ==",
      "license": "MIT",
      "dependencies": {
        "rrweb-snapshot": "^2.1.6"
      }
    },
    "node_modules/rrweb": {
      "version": "2.1.6",
      "resolved": "https://registry.npmjs.org/rrweb/-/rrweb-2.1.6.tgz",
      "integrity": "sha512-OMdw4lWyfCx2fNhKCv1eZe54oVmD8r4QZsCXKY9fdt+cD/eiiupFgMHoFuwbwvltr4JH3IwWKXoadVjiMNhOZQ==",
      "license": "MIT",
      "dependencies": {
        "@rrweb/types": "^2.1.6",
        "@rrweb/utils": "^2.1.6",
        "@types/css-font-loading-module": "0.0.7",
        "@xstate/fsm": "^1.4.0",
        "base64-arraybuffer": "^1.0.1",
        "mitt": "^3.0.0",
        "rrdom": "^2.1.6",
        "rrweb-snapshot": "^2.1.6"
      }
    },
    "node_modules/rrweb-snapshot": {
      "version": "2.1.6",
      "resolved": "https://registry.npmjs.org/rrweb-snapshot/-/rrweb-snapshot-2.1.6.tgz",
      "integrity": "sha512-X03+x3AdWTbpD4Swb54CCJoEauYTv/O2ah0d3ZVv5rgr6bv0Ty5mxNjEyEEfNC1dQ8VdyjKKJgDG3A00FV0lNg==",
      "license": "MIT",
      "dependencies": {
        "postcss": "^8.4.38"
      }
    },
    "node_modules/scheduler": {
      "version": "0.28.0",
      "resolved": "https://registry.npmjs.org/scheduler/-/scheduler-0.28.0.tgz",
      "integrity": "sha512-juorfCmIkIw8tT+p5BXSm6PJjQF/ycEYmKyzURCIt/RaZIhL+PulbQ9Yu2z1HdOJDdqDTlxA1+xKBmHXJsczAw==",
      "dev": true,
      "license": "MIT"
    },
    "node_modules/source-map-js": {
      "version": "1.2.1",
      "resolved": "https://registry.npmjs.org/source-map-js/-/source-map-js-1.2.1.tgz",
      "integrity": "sha512-UXWMKhLOwVKb728IUtQPXxfYU+usdybtUrK/8uGE8CQMvrhOpwvzDBwj0QhSL7MQc7vIsISBG8VQ8+IDQxpfQA==",
      "license": "BSD-3-Clause",
      "engines": {
        "node": ">=0.10.0"
      }
    },
    "node_modules/typescript": {
      "version": "5.9.3",
      "resolved": "https://registry.npmjs.org/typescript/-/typescript-5.9.3.tgz",
      "integrity": "sha512-jl1vZzPDinLr9eUt3J/t7V6FgNEw9QjvBPdysz9KfQDD41fQrC2Y4vKQdiaUpFT4bXlb1RHhLpp8wtm6M5TgSw==",
      "dev": true,
      "license": "Apache-2.0",
      "bin": {
        "tsc": "bin/tsc",
        "tsserver": "bin/tsserver"
      },
      "engines": {
        "node": ">=14.17"
      }
    }
  }
}
